
Microsoft Visual Studio Solution File, Format Version 12.00
# Visual Studio Version 17
VisualStudioVersion = 17.8.34525.116
MinimumVisualStudioVersion = 10.0.40219.1
Project("{9A19103F-16F7-4668-BE54-9A1E7A4F7556}") = "AndroidCalculator", "AndroidCalculator\AndroidCalculator.csproj", "{0987FD55-A2CA-4C17-94C3-6F4D07A031DD}"
EndProject
Project("{9A19103F-16F7-4668-BE54-9A1E7A4F7556}") = "AndroidCalculator.Android", "AndroidCalculator.Android\AndroidCalculator.Android.csproj", "{9F869145-7532-412F-99BE-43326A6A1080}"
EndProject
Project("{9A19103F-16F7-4668-BE54-9A1E7A4F7556}") = "AndroidCalculator.Desktop", "AndroidCalculator.Desktop\AndroidCalculator.Desktop.csproj", "{37ABBF04-D894-4EE1-8186-B601AA597CEB}"
EndProject
Global
	GlobalSection(SolutionConfigurationPlatforms) = preSolution
		Debug|Any CPU = Debug|Any CPU
		Release|Any CPU = Release|Any CPU
	EndGlobalSection
	GlobalSection(ProjectConfigurationPlatforms) = postSolution
		{0987FD55-A2CA-4C17-94C3-6F4D07A031DD}.Debug|Any CPU.ActiveCfg = Debug|Any CPU
		{0987FD55-A2CA-4C17-94C3-6F4D07A031DD}.Debug|Any CPU.Build.0 = Debug|Any CPU
		{0987FD55-A2CA-4C17-94C3-6F4D07A031DD}.Release|Any CPU.ActiveCfg = Release|Any CPU
		{0987FD55-A2CA-4C17-94C3-6F4D07A031DD}.Release|Any CPU.Build.0 = Release|Any CPU
		{9F869145-7532-412F-99BE-43326A6A1080}.Debug|Any CPU.ActiveCfg = Debug|Any CPU
		{9F869145-7532-412F-99BE-43326A6A1080}.Debug|Any CPU.Build.0 = Debug|Any CPU
		{9F869145-7532-412F-99BE-43326A6A1080}.Debug|Any CPU.Deploy.0 = Debug|Any CPU
		{9F869145-7532-412F-99BE-43326A6A1080}.Release|Any CPU.ActiveCfg = Release|Any CPU
		{9F869145-7532-412F-99BE-43326A6A1080}.Release|Any CPU.Build.0 = Release|Any CPU
		{9F869145-7532-412F-99BE-43326A6A1080}.Release|Any CPU.Deploy.0 = Release|Any CPU
		{37ABBF04-D894-4EE1-8186-B601AA597CEB}.Debug|Any CPU.ActiveCfg = Debug|Any CPU
		{37ABBF04-D894-4EE1-8186-B601AA597CEB}.Debug|Any CPU.Build.0 = Debug|Any CPU
		{37ABBF04-D894-4EE1-8186-B601AA597CEB}.Release|Any CPU.ActiveCfg = Release|Any CPU
		{37ABBF04-D894-4EE1-8186-B601AA597CEB}.Release|Any CPU.Build.0 = Release|Any CPU
	EndGlobalSection
	GlobalSection(SolutionProperties) = preSolution
		HideSolutionNode = FALSE
	EndGlobalSection
	GlobalSection(ExtensibilityGlobals) = postSolution
		SolutionGuid = {8E8E6B74-D48A-4E0E-8CC5-C6255F897CF7}
	EndGlobalSection
EndGlobal
